
Microsoft Visual Studio Solution File, Format Version 12.00
# Visual Studio Version 17
VisualStudioVersion = 17.14.36212.18 d17.14
MinimumVisualStudioVersion = 10.0.40219.1
Project("{FAE04EC0-301F-11D3-BF4B-00C04F79EFBC}") = "MembrosEstaticos2", "MembrosEstaticos2.csproj", "{A6E77340-DCB0-420C-9135-0F3743BA40A3}"
EndProject
Global
	GlobalSection(SolutionConfigurationPlatforms) = preSolution
		Debug|Any CPU = Debug|Any CPU
		Release|Any CPU = Release|Any CPU
	EndGlobalSection
	GlobalSection(ProjectConfigurationPlatforms) = postSolution
		{A6E77340-DCB0-420C-9135-0F3743BA40A3}.Debug|Any CPU.ActiveCfg = Debug|Any CPU
		{A6E77340-DCB0-420C-9135-0F3743BA40A3}.Debug|Any CPU.Build.0 = Debug|Any CPU
		{A6E77340-DCB0-420C-9135-0F3743BA40A3}.Release|Any CPU.ActiveCfg = Release|Any CPU
		{A6E77340-DCB0-420C-9135-0F3743BA40A3}.Release|Any CPU.Build.0 = Release|Any CPU
	EndGlobalSection
	GlobalSection(SolutionProperties) = preSolution
		HideSolutionNode = FALSE
	EndGlobalSection
	GlobalSection(ExtensibilityGlobals) = postSolution
		SolutionGuid = {6BD53E53-33DF-4133-B4ED-EAEF35FD4CE4}
	EndGlobalSection
EndGlobal
