
Microsoft Visual Studio Solution File, Format Version 12.00
# Visual Studio Version 17
VisualStudioVersion = 17.14.36212.18 d17.14
MinimumVisualStudioVersion = 10.0.40219.1
Project("{FAE04EC0-301F-11D3-BF4B-00C04F79EFBC}") = "CriarClasse", "CriarClasse.csproj", "{EF13F0D8-A019-42FF-AF60-74ECE26BFB2D}"
EndProject
Global
	GlobalSection(SolutionConfigurationPlatforms) = preSolution
		Debug|Any CPU = Debug|Any CPU
		Release|Any CPU = Release|Any CPU
	EndGlobalSection
	GlobalSection(ProjectConfigurationPlatforms) = postSolution
		{EF13F0D8-A019-42FF-AF60-74ECE26BFB2D}.Debug|Any CPU.ActiveCfg = Debug|Any CPU
		{EF13F0D8-A019-42FF-AF60-74ECE26BFB2D}.Debug|Any CPU.Build.0 = Debug|Any CPU
		{EF13F0D8-A019-42FF-AF60-74ECE26BFB2D}.Release|Any CPU.ActiveCfg = Release|Any CPU
		{EF13F0D8-A019-42FF-AF60-74ECE26BFB2D}.Release|Any CPU.Build.0 = Release|Any CPU
	EndGlobalSection
	GlobalSection(SolutionProperties) = preSolution
		HideSolutionNode = FALSE
	EndGlobalSection
	GlobalSection(ExtensibilityGlobals) = postSolution
		SolutionGuid = {049A0B85-4A7F-4FD1-9DCD-F231DCAD7484}
	EndGlobalSection
EndGlobal
