
Microsoft Visual Studio Solution File, Format Version 12.00
# Visual Studio Version 17
VisualStudioVersion = 17.14.36212.18 d17.14
MinimumVisualStudioVersion = 10.0.40219.1
Project("{FAE04EC0-301F-11D3-BF4B-00C04F79EFBC}") = "ConsoleApp1", "ConsoleApp1.csproj", "{D5CA7282-C231-456A-90F0-42BB66F9CD0B}"
EndProject
Global
	GlobalSection(SolutionConfigurationPlatforms) = preSolution
		Debug|Any CPU = Debug|Any CPU
		Release|Any CPU = Release|Any CPU
	EndGlobalSection
	GlobalSection(ProjectConfigurationPlatforms) = postSolution
		{D5CA7282-C231-456A-90F0-42BB66F9CD0B}.Debug|Any CPU.ActiveCfg = Debug|Any CPU
		{D5CA7282-C231-456A-90F0-42BB66F9CD0B}.Debug|Any CPU.Build.0 = Debug|Any CPU
		{D5CA7282-C231-456A-90F0-42BB66F9CD0B}.Release|Any CPU.ActiveCfg = Release|Any CPU
		{D5CA7282-C231-456A-90F0-42BB66F9CD0B}.Release|Any CPU.Build.0 = Release|Any CPU
	EndGlobalSection
	GlobalSection(SolutionProperties) = preSolution
		HideSolutionNode = FALSE
	EndGlobalSection
	GlobalSection(ExtensibilityGlobals) = postSolution
		SolutionGuid = {5857DCCA-E355-4910-AC18-EF7C174E372E}
	EndGlobalSection
EndGlobal
